
Microsoft Visual Studio Solution File, Format Version 12.00
# Visual Studio Version 16
VisualStudioVersion = 16.0.31729.503
MinimumVisualStudioVersion = 10.0.40219.1
Project("{FAE04EC0-301F-11D3-BF4B-00C04F79EFBC}") = "GraphQLHotChocolate", "GraphQLHotChocolate\GraphQLHotChocolate.csproj", "{53779114-90B7-44BC-A80E-09B06C45EC43}"
EndProject
Global
	GlobalSection(SolutionConfigurationPlatforms) = preSolution
		Debug|Any CPU = Debug|Any CPU
		Release|Any CPU = Release|Any CPU
	EndGlobalSection
	GlobalSection(ProjectConfigurationPlatforms) = postSolution
		{53779114-90B7-44BC-A80E-09B06C45EC43}.Debug|Any CPU.ActiveCfg = Debug|Any CPU
		{53779114-90B7-44BC-A80E-09B06C45EC43}.Debug|Any CPU.Build.0 = Debug|Any CPU
		{53779114-90B7-44BC-A80E-09B06C45EC43}.Release|Any CPU.ActiveCfg = Release|Any CPU
		{53779114-90B7-44BC-A80E-09B06C45EC43}.Release|Any CPU.Build.0 = Release|Any CPU
	EndGlobalSection
	GlobalSection(SolutionProperties) = preSolution
		HideSolutionNode = FALSE
	EndGlobalSection
	GlobalSection(ExtensibilityGlobals) = postSolution
		SolutionGuid = {5647EA58-794B-4A04-9F1C-437AFD29E21D}
	EndGlobalSection
EndGlobal
